// !$*UTF8*$!
{
	archiveVersion = 1;
	classes = {
	};
	objectVersion = 56;
	objects = {

/* Begin PBXBuildFile section */
		46426C4629EEDB80006DF97E /* MyPlacesVC.swift in Sources */ = {isa = PBXBuildFile; fileRef = 46426C4529EEDB80006DF97E /* MyPlacesVC.swift */; };
		464E8AA12A1F826F0056C4AC /* ChangeViewController.swift in Sources */ = {isa = PBXBuildFile; fileRef = 464E8AA02A1F826F0056C4AC /* ChangeViewController.swift */; };
		465D316329EC7D62002AC30A /* AppDelegate.swift in Sources */ = {isa = PBXBuildFile; fileRef = 465D316229EC7D62002AC30A /* AppDelegate.swift */; };
		465D316529EC7D62002AC30A /* SceneDelegate.swift in Sources */ = {isa = PBXBuildFile; fileRef = 465D316429EC7D62002AC30A /* SceneDelegate.swift */; };
		465D316729EC7D62002AC30A /* ViewController.swift in Sources */ = {isa = PBXBuildFile; fileRef = 465D316629EC7D62002AC30A /* ViewController.swift */; };
		465D316A29EC7D62002AC30A /* Main.storyboard in Resources */ = {isa = PBXBuildFile; fileRef = 465D316829EC7D62002AC30A /* Main.storyboard */; };
		465D316C29EC7D63002AC30A /* Assets.xcassets in Resources */ = {isa = PBXBuildFile; fileRef = 465D316B29EC7D63002AC30A /* Assets.xcassets */; };
		465D316F29EC7D63002AC30A /* LaunchScreen.storyboard in Resources */ = {isa = PBXBuildFile; fileRef = 465D316D29EC7D63002AC30A /* LaunchScreen.storyboard */; };
		465D317729EC8854002AC30A /* SignUpVC.swift in Sources */ = {isa = PBXBuildFile; fileRef = 465D317629EC8854002AC30A /* SignUpVC.swift */; };
		465D317929EC906A002AC30A /* homeViewController.swift in Sources */ = {isa = PBXBuildFile; fileRef = 465D317829EC906A002AC30A /* homeViewController.swift */; };
		465D317B29EC9074002AC30A /* addViewController.swift in Sources */ = {isa = PBXBuildFile; fileRef = 465D317A29EC9074002AC30A /* addViewController.swift */; };
		465D317D29EC9082002AC30A /* MyTravelsVC.swift in Sources */ = {isa = PBXBuildFile; fileRef = 465D317C29EC9082002AC30A /* MyTravelsVC.swift */; };
		466D730029EE013B0022E7C3 /* placeModel.swift in Sources */ = {isa = PBXBuildFile; fileRef = 466D72FF29EE013B0022E7C3 /* placeModel.swift */; };
		49AD0FA734F068549B3DA6D3 /* Pods_Travel_and_Eat_App.framework in Frameworks */ = {isa = PBXBuildFile; fileRef = FD232F4F1BD74D2490F98787 /* Pods_Travel_and_Eat_App.framework */; };
/* End PBXBuildFile section */

/* Begin PBXFileReference section */
		316A78C62FDB1411BD7D58CA /* Pods-Travel and Eat App.debug.xcconfig */ = {isa = PBXFileReference; includeInIndex = 1; lastKnownFileType = text.xcconfig; name = "Pods-Travel and Eat App.debug.xcconfig"; path = "Target Support Files/Pods-Travel and Eat App/Pods-Travel and Eat App.debug.xcconfig"; sourceTree = "<group>"; };
		46426C4529EEDB80006DF97E /* MyPlacesVC.swift */ = {isa = PBXFileReference; lastKnownFileType = sourcecode.swift; path = MyPlacesVC.swift; sourceTree = "<group>"; };
		464E8AA02A1F826F0056C4AC /* ChangeViewController.swift */ = {isa = PBXFileReference; lastKnownFileType = sourcecode.swift; path = ChangeViewController.swift; sourceTree = "<group>"; };
		465D315F29EC7D62002AC30A /* Travel and Eat App.app */ = {isa = PBXFileReference; explicitFileType = wrapper.application; includeInIndex = 0; path = "Travel and Eat App.app"; sourceTree = BUILT_PRODUCTS_DIR; };
		465D316229EC7D62002AC30A /* AppDelegate.swift */ = {isa = PBXFileReference; lastKnownFileType = sourcecode.swift; path = AppDelegate.swift; sourceTree = "<group>"; };
		465D316429EC7D62002AC30A /* SceneDelegate.swift */ = {isa = PBXFileReference; lastKnownFileType = sourcecode.swift; path = SceneDelegate.swift; sourceTree = "<group>"; };
		465D316629EC7D62002AC30A /* ViewController.swift */ = {isa = PBXFileReference; lastKnownFileType = sourcecode.swift; path = ViewController.swift; sourceTree = "<group>"; };
		465D316929EC7D62002AC30A /* Base */ = {isa = PBXFileReference; lastKnownFileType = file.storyboard; name = Base; path = Base.lproj/Main.storyboard; sourceTree = "<group>"; };
		465D316B29EC7D63002AC30A /* Assets.xcassets */ = {isa = PBXFileReference; lastKnownFileType = folder.assetcatalog; path = Assets.xcassets; sourceTree = "<group>"; };
		465D316E29EC7D63002AC30A /* Base */ = {isa = PBXFileReference; lastKnownFileType = file.storyboard; name = Base; path = Base.lproj/LaunchScreen.storyboard; sourceTree = "<group>"; };
		465D317029EC7D63002AC30A /* Info.plist */ = {isa = PBXFileReference; lastKnownFileType = text.plist.xml; path = Info.plist; sourceTree = "<group>"; };
		465D317629EC8854002AC30A /* SignUpVC.swift */ = {isa = PBXFileReference; lastKnownFileType = sourcecode.swift; path = SignUpVC.swift; sourceTree = "<group>"; };
		465D317829EC906A002AC30A /* homeViewController.swift */ = {isa = PBXFileReference; lastKnownFileType = sourcecode.swift; path = homeViewController.swift; sourceTree = "<group>"; };
		465D317A29EC9074002AC30A /* addViewController.swift */ = {isa = PBXFileReference; lastKnownFileType = sourcecode.swift; path = addViewController.swift; sourceTree = "<group>"; };
		465D317C29EC9082002AC30A /* MyTravelsVC.swift */ = {isa = PBXFileReference; lastKnownFileType = sourcecode.swift; path = MyTravelsVC.swift; sourceTree = "<group>"; };
		466D72FF29EE013B0022E7C3 /* placeModel.swift */ = {isa = PBXFileReference; lastKnownFileType = sourcecode.swift; path = placeModel.swift; sourceTree = "<group>"; };
		8B2B75379705D1542F2CBFEA /* Pods-Travel and Eat App.release.xcconfig */ = {isa = PBXFileReference; includeInIndex = 1; lastKnownFileType = text.xcconfig; name = "Pods-Travel and Eat App.release.xcconfig"; path = "Target Support Files/Pods-Travel and Eat App/Pods-Travel and Eat App.release.xcconfig"; sourceTree = "<group>"; };
		FD232F4F1BD74D2490F98787 /* Pods_Travel_and_Eat_App.framework */ = {isa = PBXFileReference; explicitFileType = wrapper.framework; includeInIndex = 0; path = Pods_Travel_and_Eat_App.framework; sourceTree = BUILT_PRODUCTS_DIR; };
/* End PBXFileReference section */

/* Begin PBXFrameworksBuildPhase section */
		465D315C29EC7D62002AC30A /* Frameworks */ = {
			isa = PBXFrameworksBuildPhase;
			buildActionMask = 2147483647;
			files = (
				49AD0FA734F068549B3DA6D3 /* Pods_Travel_and_Eat_App.framework in Frameworks */,
			);
			runOnlyForDeploymentPostprocessing = 0;
		};
/* End PBXFrameworksBuildPhase section */

/* Begin PBXGroup section */
		22E9F4BD0F33005570EEB24F /* Pods */ = {
			isa = PBXGroup;
			children = (
				316A78C62FDB1411BD7D58CA /* Pods-Travel and Eat App.debug.xcconfig */,
				8B2B75379705D1542F2CBFEA /* Pods-Travel and Eat App.release.xcconfig */,
			);
			path = Pods;
			sourceTree = "<group>";
		};
		464E8A9B2A1B86DF0056C4AC /* ViewControllers */ = {
			isa = PBXGroup;
			children = (
				465D316629EC7D62002AC30A /* ViewController.swift */,
				465D317829EC906A002AC30A /* homeViewController.swift */,
				464E8AA02A1F826F0056C4AC /* ChangeViewController.swift */,
				465D317A29EC9074002AC30A /* addViewController.swift */,
				465D317C29EC9082002AC30A /* MyTravelsVC.swift */,
				465D317629EC8854002AC30A /* SignUpVC.swift */,
				46426C4529EEDB80006DF97E /* MyPlacesVC.swift */,
			);
			path = ViewControllers;
			sourceTree = "<group>";
		};
		464E8A9C2A1B86FF0056C4AC /* Models */ = {
			isa = PBXGroup;
			children = (
				466D72FF29EE013B0022E7C3 /* placeModel.swift */,
			);
			path = Models;
			sourceTree = "<group>";
		};
		464E8A9D2A1B87070056C4AC /* Delegates */ = {
			isa = PBXGroup;
			children = (
				465D316229EC7D62002AC30A /* AppDelegate.swift */,
				465D316429EC7D62002AC30A /* SceneDelegate.swift */,
			);
			path = Delegates;
			sourceTree = "<group>";
		};
		465D315629EC7D62002AC30A = {
			isa = PBXGroup;
			children = (
				465D316129EC7D62002AC30A /* Travel and Eat App */,
				465D316029EC7D62002AC30A /* Products */,
				22E9F4BD0F33005570EEB24F /* Pods */,
				F1D57DF3CFBDDB6A2D05A9F6 /* Frameworks */,
			);
			sourceTree = "<group>";
		};
		465D316029EC7D62002AC30A /* Products */ = {
			isa = PBXGroup;
			children = (
				465D315F29EC7D62002AC30A /* Travel and Eat App.app */,
			);
			name = Products;
			sourceTree = "<group>";
		};
		465D316129EC7D62002AC30A /* Travel and Eat App */ = {
			isa = PBXGroup;
			children = (
				464E8A9D2A1B87070056C4AC /* Delegates */,
				464E8A9C2A1B86FF0056C4AC /* Models */,
				464E8A9B2A1B86DF0056C4AC /* ViewControllers */,
				465D316829EC7D62002AC30A /* Main.storyboard */,
				465D316B29EC7D63002AC30A /* Assets.xcassets */,
				465D316D29EC7D63002AC30A /* LaunchScreen.storyboard */,
				465D317029EC7D63002AC30A /* Info.plist */,
			);
			path = "Travel and Eat App";
			sourceTree = "<group>";
		};
		F1D57DF3CFBDDB6A2D05A9F6 /* Frameworks */ = {
			isa = PBXGroup;
			children = (
				FD232F4F1BD74D2490F98787 /* Pods_Travel_and_Eat_App.framework */,
			);
			name = Frameworks;
			sourceTree = "<group>";
		};
/* End PBXGroup section */

/* Begin PBXNativeTarget section */
		465D315E29EC7D62002AC30A /* Travel and Eat App */ = {
			isa = PBXNativeTarget;
			buildConfigurationList = 465D317329EC7D63002AC30A /* Build configuration list for PBXNativeTarget "Travel and Eat App" */;
			buildPhases = (
				C5077B5FDF03E360C81BD0A3 /* [CP] Check Pods Manifest.lock */,
				465D315B29EC7D62002AC30A /* Sources */,
				465D315C29EC7D62002AC30A /* Frameworks */,
				465D315D29EC7D62002AC30A /* Resources */,
				E461C98A206B9CE8AA9D63DA /* [CP] Embed Pods Frameworks */,
			);
			buildRules = (
			);
			dependencies = (
			);
			name = "Travel and Eat App";
			productName = "Travel and Eat App";
			productReference = 465D315F29EC7D62002AC30A /* Travel and Eat App.app */;
			productType = "com.apple.product-type.application";
		};
/* End PBXNativeTarget section */

/* Begin PBXProject section */
		465D315729EC7D62002AC30A /* Project object */ = {
			isa = PBXProject;
			attributes = {
				BuildIndependentTargetsInParallel = 1;
				LastSwiftUpdateCheck = 1420;
				LastUpgradeCheck = 1420;
				TargetAttributes = {
					465D315E29EC7D62002AC30A = {
						CreatedOnToolsVersion = 14.2;
					};
				};
			};
			buildConfigurationList = 465D315A29EC7D62002AC30A /* Build configuration list for PBXProject "Travel and Eat App" */;
			compatibilityVersion = "Xcode 14.0";
			developmentRegion = en;
			hasScannedForEncodings = 0;
			knownRegions = (
				en,
				Base,
			);
			mainGroup = 465D315629EC7D62002AC30A;
			productRefGroup = 465D316029EC7D62002AC30A /* Products */;
			projectDirPath = "";
			projectRoot = "";
			targets = (
				465D315E29EC7D62002AC30A /* Travel and Eat App */,
			);
		};
/* End PBXProject section */

/* Begin PBXResourcesBuildPhase section */
		465D315D29EC7D62002AC30A /* Resources */ = {
			isa = PBXResourcesBuildPhase;
			buildActionMask = 2147483647;
			files = (
				465D316F29EC7D63002AC30A /* LaunchScreen.storyboard in Resources */,
				465D316C29EC7D63002AC30A /* Assets.xcassets in Resources */,
				465D316A29EC7D62002AC30A /* Main.storyboard in Resources */,
			);
			runOnlyForDeploymentPostprocessing = 0;
		};
/* End PBXResourcesBuildPhase section */

/* Begin PBXShellScriptBuildPhase section */
		C5077B5FDF03E360C81BD0A3 /* [CP] Check Pods Manifest.lock */ = {
			isa = PBXShellScriptBuildPhase;
			buildActionMask = 2147483647;
			files = (
			);
			inputFileListPaths = (
			);
			inputPaths = (
				"${PODS_PODFILE_DIR_PATH}/Podfile.lock",
				"${PODS_ROOT}/Manifest.lock",
			);
			name = "[CP] Check Pods Manifest.lock";
			outputFileListPaths = (
			);
			outputPaths = (
				"$(DERIVED_FILE_DIR)/Pods-Travel and Eat App-checkManifestLockResult.txt",
			);
			runOnlyForDeploymentPostprocessing = 0;
			shellPath = /bin/sh;
			shellScript = "diff \"${PODS_PODFILE_DIR_PATH}/Podfile.lock\" \"${PODS_ROOT}/Manifest.lock\" > /dev/null\nif [ $? != 0 ] ; then\n    # print error to STDERR\n    echo \"error: The sandbox is not in sync with the Podfile.lock. Run 'pod install' or update your CocoaPods installation.\" >&2\n    exit 1\nfi\n# This output is used by Xcode 'outputs' to avoid re-running this script phase.\necho \"SUCCESS\" > \"${SCRIPT_OUTPUT_FILE_0}\"\n";
			showEnvVarsInLog = 0;
		};
		E461C98A206B9CE8AA9D63DA /* [CP] Embed Pods Frameworks */ = {
			isa = PBXShellScriptBuildPhase;
			buildActionMask = 2147483647;
			files = (
			);
			inputFileListPaths = (
				"${PODS_ROOT}/Target Support Files/Pods-Travel and Eat App/Pods-Travel and Eat App-frameworks-${CONFIGURATION}-input-files.xcfilelist",
			);
			name = "[CP] Embed Pods Frameworks";
			outputFileListPaths = (
				"${PODS_ROOT}/Target Support Files/Pods-Travel and Eat App/Pods-Travel and Eat App-frameworks-${CONFIGURATION}-output-files.xcfilelist",
			);
			runOnlyForDeploymentPostprocessing = 0;
			shellPath = /bin/sh;
			shellScript = "\"${PODS_ROOT}/Target Support Files/Pods-Travel and Eat App/Pods-Travel and Eat App-frameworks.sh\"\n";
			showEnvVarsInLog = 0;
		};
/* End PBXShellScriptBuildPhase section */

/* Begin PBXSourcesBuildPhase section */
		465D315B29EC7D62002AC30A /* Sources */ = {
			isa = PBXSourcesBuildPhase;
			buildActionMask = 2147483647;
			files = (
				464E8AA12A1F826F0056C4AC /* ChangeViewController.swift in Sources */,
				465D317729EC8854002AC30A /* SignUpVC.swift in Sources */,
				466D730029EE013B0022E7C3 /* placeModel.swift in Sources */,
				465D316729EC7D62002AC30A /* ViewController.swift in Sources */,
				465D317D29EC9082002AC30A /* MyTravelsVC.swift in Sources */,
				465D316329EC7D62002AC30A /* AppDelegate.swift in Sources */,
				465D317929EC906A002AC30A /* homeViewController.swift in Sources */,
				465D317B29EC9074002AC30A /* addViewController.swift in Sources */,
				46426C4629EEDB80006DF97E /* MyPlacesVC.swift in Sources */,
				465D316529EC7D62002AC30A /* SceneDelegate.swift in Sources */,
			);
			runOnlyForDeploymentPostprocessing = 0;
		};
/* End PBXSourcesBuildPhase section */

/* Begin PBXVariantGroup section */
		465D316829EC7D62002AC30A /* Main.storyboard */ = {
			isa = PBXVariantGroup;
			children = (
				465D316929EC7D62002AC30A /* Base */,
			);
			name = Main.storyboard;
			sourceTree = "<group>";
		};
		465D316D29EC7D63002AC30A /* LaunchScreen.storyboard */ = {
			isa = PBXVariantGroup;
			children = (
				465D316E29EC7D63002AC30A /* Base */,
			);
			name = LaunchScreen.storyboard;
			sourceTree = "<group>";
		};
/* End PBXVariantGroup section */

/* Begin XCBuildConfiguration section */
		465D317129EC7D63002AC30A /* Debug */ = {
			isa = XCBuildConfiguration;
			buildSettings = {
				ALWAYS_SEARCH_USER_PATHS = NO;
				CLANG_ANALYZER_NONNULL = YES;
				CLANG_ANALYZER_NUMBER_OBJECT_CONVERSION = YES_AGGRESSIVE;
				CLANG_CXX_LANGUAGE_STANDARD = "gnu++20";
				CLANG_ENABLE_MODULES = YES;
				CLANG_ENABLE_OBJC_ARC = YES;
				CLANG_ENABLE_OBJC_WEAK = YES;
				CLANG_WARN_BLOCK_CAPTURE_AUTORELEASING = YES;
				CLANG_WARN_BOOL_CONVERSION = YES;
				CLANG_WARN_COMMA = YES;
				CLANG_WARN_CONSTANT_CONVERSION = YES;
				CLANG_WARN_DEPRECATED_OBJC_IMPLEMENTATIONS = YES;
				CLANG_WARN_DIRECT_OBJC_ISA_USAGE = YES_ERROR;
				CLANG_WARN_DOCUMENTATION_COMMENTS = YES;
				CLANG_WARN_EMPTY_BODY = YES;
				CLANG_WARN_ENUM_CONVERSION = YES;
				CLANG_WARN_INFINITE_RECURSION = YES;
				CLANG_WARN_INT_CONVERSION = YES;
				CLANG_WARN_NON_LITERAL_NULL_CONVERSION = YES;
				CLANG_WARN_OBJC_IMPLICIT_RETAIN_SELF = YES;
				CLANG_WARN_OBJC_LITERAL_CONVERSION = YES;
				CLANG_WARN_OBJC_ROOT_CLASS = YES_ERROR;
				CLANG_WARN_QUOTED_INCLUDE_IN_FRAMEWORK_HEADER = YES;
				CLANG_WARN_RANGE_LOOP_ANALYSIS = YES;
				CLANG_WARN_STRICT_PROTOTYPES = YES;
				CLANG_WARN_SUSPICIOUS_MOVE = YES;
				CLANG_WARN_UNGUARDED_AVAILABILITY = YES_AGGRESSIVE;
				CLANG_WARN_UNREACHABLE_CODE = YES;
				CLANG_WARN__DUPLICATE_METHOD_MATCH = YES;
				COPY_PHASE_STRIP = NO;
				DEBUG_INFORMATION_FORMAT = dwarf;
				ENABLE_STRICT_OBJC_MSGSEND = YES;
				ENABLE_TESTABILITY = YES;
				GCC_C_LANGUAGE_STANDARD = gnu11;
				GCC_DYNAMIC_NO_PIC = NO;
				GCC_NO_COMMON_BLOCKS = YES;
				GCC_OPTIMIZATION_LEVEL = 0;
				GCC_PREPROCESSOR_DEFINITIONS = (
					"DEBUG=1",
					"$(inherited)",
				);
				GCC_WARN_64_TO_32_BIT_CONVERSION = YES;
				GCC_WARN_ABOUT_RETURN_TYPE = YES_ERROR;
				GCC_WARN_UNDECLARED_SELECTOR = YES;
				GCC_WARN_UNINITIALIZED_AUTOS = YES_AGGRESSIVE;
				GCC_WARN_UNUSED_FUNCTION = YES;
				GCC_WARN_UNUSED_VARIABLE = YES;
				IPHONEOS_DEPLOYMENT_TARGET = 16.2;
				MTL_ENABLE_DEBUG_INFO = INCLUDE_SOURCE;
				MTL_FAST_MATH = YES;
				ONLY_ACTIVE_ARCH = YES;
				SDKROOT = iphoneos;
				SWIFT_ACTIVE_COMPILATION_CONDITIONS = DEBUG;
				SWIFT_OPTIMIZATION_LEVEL = "-Onone";
			};
			name = Debug;
		};
		465D317229EC7D63002AC30A /* Release */ = {
			isa = XCBuildConfiguration;
			buildSettings = {
				ALWAYS_SEARCH_USER_PATHS = NO;
				CLANG_ANALYZER_NONNULL = YES;
				CLANG_ANALYZER_NUMBER_OBJECT_CONVERSION = YES_AGGRESSIVE;
				CLANG_CXX_LANGUAGE_STANDARD = "gnu++20";
				CLANG_ENABLE_MODULES = YES;
				CLANG_ENABLE_OBJC_ARC = YES;
				CLANG_ENABLE_OBJC_WEAK = YES;
				CLANG_WARN_BLOCK_CAPTURE_AUTORELEASING = YES;
				CLANG_WARN_BOOL_CONVERSION = YES;
				CLANG_WARN_COMMA = YES;
				CLANG_WARN_CONSTANT_CONVERSION = YES;
				CLANG_WARN_DEPRECATED_OBJC_IMPLEMENTATIONS = YES;
				CLANG_WARN_DIRECT_OBJC_ISA_USAGE = YES_ERROR;
				CLANG_WARN_DOCUMENTATION_COMMENTS = YES;
				CLANG_WARN_EMPTY_BODY = YES;
				CLANG_WARN_ENUM_CONVERSION = YES;
				CLANG_WARN_INFINITE_RECURSION = YES;
				CLANG_WARN_INT_CONVERSION = YES;
				CLANG_WARN_NON_LITERAL_NULL_CONVERSION = YES;
				CLANG_WARN_OBJC_IMPLICIT_RETAIN_SELF = YES;
				CLANG_WARN_OBJC_LITERAL_CONVERSION = YES;
				CLANG_WARN_OBJC_ROOT_CLASS = YES_ERROR;
				CLANG_WARN_QUOTED_INCLUDE_IN_FRAMEWORK_HEADER = YES;
				CLANG_WARN_RANGE_LOOP_ANALYSIS = YES;
				CLANG_WARN_STRICT_PROTOTYPES = YES;
				CLANG_WARN_SUSPICIOUS_MOVE = YES;
				CLANG_WARN_UNGUARDED_AVAILABILITY = YES_AGGRESSIVE;
				CLANG_WARN_UNREACHABLE_CODE = YES;
				CLANG_WARN__DUPLICATE_METHOD_MATCH = YES;
				COPY_PHASE_STRIP = NO;
				DEBUG_INFORMATION_FORMAT = "dwarf-with-dsym";
				ENABLE_NS_ASSERTIONS = NO;
				ENABLE_STRICT_OBJC_MSGSEND = YES;
				GCC_C_LANGUAGE_STANDARD = gnu11;
				GCC_NO_COMMON_BLOCKS = YES;
				GCC_WARN_64_TO_32_BIT_CONVERSION = YES;
				GCC_WARN_ABOUT_RETURN_TYPE = YES_ERROR;
				GCC_WARN_UNDECLARED_SELECTOR = YES;
				GCC_WARN_UNINITIALIZED_AUTOS = YES_AGGRESSIVE;
				GCC_WARN_UNUSED_FUNCTION = YES;
				GCC_WARN_UNUSED_VARIABLE = YES;
				IPHONEOS_DEPLOYMENT_TARGET = 16.2;
				MTL_ENABLE_DEBUG_INFO = NO;
				MTL_FAST_MATH = YES;
				SDKROOT = iphoneos;
				SWIFT_COMPILATION_MODE = wholemodule;
				SWIFT_OPTIMIZATION_LEVEL = "-O";
				VALIDATE_PRODUCT = YES;
			};
			name = Release;
		};
		465D317429EC7D63002AC30A /* Debug */ = {
			isa = XCBuildConfiguration;
			baseConfigurationReference = 316A78C62FDB1411BD7D58CA /* Pods-Travel and Eat App.debug.xcconfig */;
			buildSettings = {
				ASSETCATALOG_COMPILER_APPICON_NAME = AppIcon;
				ASSETCATALOG_COMPILER_GLOBAL_ACCENT_COLOR_NAME = AccentColor;
				CODE_SIGN_STYLE = Automatic;
				CURRENT_PROJECT_VERSION = 1;
				DEVELOPMENT_TEAM = 8GVTQB325S;
				GENERATE_INFOPLIST_FILE = YES;
				INFOPLIST_FILE = "Travel and Eat App/Info.plist";
				INFOPLIST_KEY_UIApplicationSupportsIndirectInputEvents = YES;
				INFOPLIST_KEY_UILaunchStoryboardName = LaunchScreen;
				INFOPLIST_KEY_UIMainStoryboardFile = Main;
				INFOPLIST_KEY_UISupportedInterfaceOrientations_iPad = "UIInterfaceOrientationPortrait UIInterfaceOrientationPortraitUpsideDown UIInterfaceOrientationLandscapeLeft UIInterfaceOrientationLandscapeRight";
				INFOPLIST_KEY_UISupportedInterfaceOrientations_iPhone = "UIInterfaceOrientationPortrait UIInterfaceOrientationLandscapeLeft UIInterfaceOrientationLandscapeRight";
				LD_RUNPATH_SEARCH_PATHS = (
					"$(inherited)",
					"@executable_path/Frameworks",
				);
				MARKETING_VERSION = 1.0;
				PRODUCT_BUNDLE_IDENTIFIER = "com.erenbulam.Travel-and-Eat-App";
				PRODUCT_NAME = "$(TARGET_NAME)";
				SWIFT_EMIT_LOC_STRINGS = YES;
				SWIFT_VERSION = 5.0;
				TARGETED_DEVICE_FAMILY = "1,2";
			};
			name = Debug;
		};
		465D317529EC7D63002AC30A /* Release */ = {
			isa = XCBuildConfiguration;
			baseConfigurationReference = 8B2B75379705D1542F2CBFEA /* Pods-Travel and Eat App.release.xcconfig */;
			buildSettings = {
				ASSETCATALOG_COMPILER_APPICON_NAME = AppIcon;
				ASSETCATALOG_COMPILER_GLOBAL_ACCENT_COLOR_NAME = AccentColor;
				CODE_SIGN_STYLE = Automatic;
				CURRENT_PROJECT_VERSION = 1;
				DEVELOPMENT_TEAM = 8GVTQB325S;
				GENERATE_INFOPLIST_FILE = YES;
				INFOPLIST_FILE = "Travel and Eat App/Info.plist";
				INFOPLIST_KEY_UIApplicationSupportsIndirectInputEvents = YES;
				INFOPLIST_KEY_UILaunchStoryboardName = LaunchScreen;
				INFOPLIST_KEY_UIMainStoryboardFile = Main;
				INFOPLIST_KEY_UISupportedInterfaceOrientations_iPad = "UIInterfaceOrientationPortrait UIInterfaceOrientationPortraitUpsideDown UIInterfaceOrientationLandscapeLeft UIInterfaceOrientationLandscapeRight";
				INFOPLIST_KEY_UISupportedInterfaceOrientations_iPhone = "UIInterfaceOrientationPortrait UIInterfaceOrientationLandscapeLeft UIInterfaceOrientationLandscapeRight";
				LD_RUNPATH_SEARCH_PATHS = (
					"$(inherited)",
					"@executable_path/Frameworks",
				);
				MARKETING_VERSION = 1.0;
				PRODUCT_BUNDLE_IDENTIFIER = "com.erenbulam.Travel-and-Eat-App";
				PRODUCT_NAME = "$(TARGET_NAME)";
				SWIFT_EMIT_LOC_STRINGS = YES;
				SWIFT_VERSION = 5.0;
				TARGETED_DEVICE_FAMILY = "1,2";
			};
			name = Release;
		};
/* End XCBuildConfiguration section */

/* Begin XCConfigurationList section */
		465D315A29EC7D62002AC30A /* Build configuration list for PBXProject "Travel and Eat App" */ = {
			isa = XCConfigurationList;
			buildConfigurations = (
				465D317129EC7D63002AC30A /* Debug */,
				465D317229EC7D63002AC30A /* Release */,
			);
			defaultConfigurationIsVisible = 0;
			defaultConfigurationName = Release;
		};
		465D317329EC7D63002AC30A /* Build configuration list for PBXNativeTarget "Travel and Eat App" */ = {
			isa = XCConfigurationList;
			buildConfigurations = (
				465D317429EC7D63002AC30A /* Debug */,
				465D317529EC7D63002AC30A /* Release */,
			);
			defaultConfigurationIsVisible = 0;
			defaultConfigurationName = Release;
		};
/* End XCConfigurationList section */
	};
	rootObject = 465D315729EC7D62002AC30A /* Project object */;
}
